// !$*UTF8*$!
{
	archiveVersion = 1;
	classes = {
	};
	objectVersion = 50;
	objects = {

/* Begin PBXBuildFile section */
		0A662B3523F4BA7E0091408A /* NavigationConfigurator.swift in Sources */ = {isa = PBXBuildFile; fileRef = 0A662B3423F4BA7E0091408A /* NavigationConfigurator.swift */; };
		0A662B3723F4BC820091408A /* InputField.swift in Sources */ = {isa = PBXBuildFile; fileRef = 0A662B3623F4BC820091408A /* InputField.swift */; };
		0AB6F26723E1CF1800391B9F /* AppDelegate.swift in Sources */ = {isa = PBXBuildFile; fileRef = 0AB6F26623E1CF1800391B9F /* AppDelegate.swift */; };
		0AB6F26923E1CF1800391B9F /* SceneDelegate.swift in Sources */ = {isa = PBXBuildFile; fileRef = 0AB6F26823E1CF1800391B9F /* SceneDelegate.swift */; };
		0AB6F26B23E1CF1800391B9F /* ContentView.swift in Sources */ = {isa = PBXBuildFile; fileRef = 0AB6F26A23E1CF1800391B9F /* ContentView.swift */; };
		0AB6F26D23E1CF2300391B9F /* Assets.xcassets in Resources */ = {isa = PBXBuildFile; fileRef = 0AB6F26C23E1CF2300391B9F /* Assets.xcassets */; };
		0AB6F27023E1CF2300391B9F /* Preview Assets.xcassets in Resources */ = {isa = PBXBuildFile; fileRef = 0AB6F26F23E1CF2300391B9F /* Preview Assets.xcassets */; };
		0AB6F27323E1CF2300391B9F /* LaunchScreen.storyboard in Resources */ = {isa = PBXBuildFile; fileRef = 0AB6F27123E1CF2300391B9F /* LaunchScreen.storyboard */; };
		0AB6F27E23E1CF2400391B9F /* LearnAppTests.swift in Sources */ = {isa = PBXBuildFile; fileRef = 0AB6F27D23E1CF2400391B9F /* LearnAppTests.swift */; };
		0AB6F28923E1CF2400391B9F /* LearnAppUITests.swift in Sources */ = {isa = PBXBuildFile; fileRef = 0AB6F28823E1CF2400391B9F /* LearnAppUITests.swift */; };
		0AF87F9523F304DD00321DA5 /* InputView.swift in Sources */ = {isa = PBXBuildFile; fileRef = 0AF87F9423F304DD00321DA5 /* InputView.swift */; };
		0AF87F9623F304DD00321DA5 /* InputView.swift in Sources */ = {isa = PBXBuildFile; fileRef = 0AF87F9423F304DD00321DA5 /* InputView.swift */; };
		0AF87F9723F304DD00321DA5 /* InputView.swift in Sources */ = {isa = PBXBuildFile; fileRef = 0AF87F9423F304DD00321DA5 /* InputView.swift */; };
		0AF87F9923F3050400321DA5 /* LearnView.swift in Sources */ = {isa = PBXBuildFile; fileRef = 0AF87F9823F3050400321DA5 /* LearnView.swift */; };
		0AF87F9A23F3050400321DA5 /* LearnView.swift in Sources */ = {isa = PBXBuildFile; fileRef = 0AF87F9823F3050400321DA5 /* LearnView.swift */; };
		0AF87F9B23F3050400321DA5 /* LearnView.swift in Sources */ = {isa = PBXBuildFile; fileRef = 0AF87F9823F3050400321DA5 /* LearnView.swift */; };
		0AF87F9D23F3051B00321DA5 /* QuizView.swift in Sources */ = {isa = PBXBuildFile; fileRef = 0AF87F9C23F3051B00321DA5 /* QuizView.swift */; };
		0AF87F9E23F3051B00321DA5 /* QuizView.swift in Sources */ = {isa = PBXBuildFile; fileRef = 0AF87F9C23F3051B00321DA5 /* QuizView.swift */; };
		0AF87F9F23F3051B00321DA5 /* QuizView.swift in Sources */ = {isa = PBXBuildFile; fileRef = 0AF87F9C23F3051B00321DA5 /* QuizView.swift */; };
/* End PBXBuildFile section */

/* Begin PBXContainerItemProxy section */
		0AB6F27A23E1CF2400391B9F /* PBXContainerItemProxy */ = {
			isa = PBXContainerItemProxy;
			containerPortal = 0AB6F25B23E1CF1800391B9F /* Project object */;
			proxyType = 1;
			remoteGlobalIDString = 0AB6F26223E1CF1800391B9F;
			remoteInfo = LearnApp;
		};
		0AB6F28523E1CF2400391B9F /* PBXContainerItemProxy */ = {
			isa = PBXContainerItemProxy;
			containerPortal = 0AB6F25B23E1CF1800391B9F /* Project object */;
			proxyType = 1;
			remoteGlobalIDString = 0AB6F26223E1CF1800391B9F;
			remoteInfo = LearnApp;
		};
/* End PBXContainerItemProxy section */

/* Begin PBXFileReference section */
		0A662B3423F4BA7E0091408A /* NavigationConfigurator.swift */ = {isa = PBXFileReference; lastKnownFileType = sourcecode.swift; path = NavigationConfigurator.swift; sourceTree = "<group>"; };
		0A662B3623F4BC820091408A /* InputField.swift */ = {isa = PBXFileReference; lastKnownFileType = sourcecode.swift; path = InputField.swift; sourceTree = "<group>"; };
		0AB6F26323E1CF1800391B9F /* LearnApp.app */ = {isa = PBXFileReference; explicitFileType = wrapper.application; includeInIndex = 0; path = LearnApp.app; sourceTree = BUILT_PRODUCTS_DIR; };
		0AB6F26623E1CF1800391B9F /* AppDelegate.swift */ = {isa = PBXFileReference; lastKnownFileType = sourcecode.swift; path = AppDelegate.swift; sourceTree = "<group>"; };
		0AB6F26823E1CF1800391B9F /* SceneDelegate.swift */ = {isa = PBXFileReference; lastKnownFileType = sourcecode.swift; path = SceneDelegate.swift; sourceTree = "<group>"; };
		0AB6F26A23E1CF1800391B9F /* ContentView.swift */ = {isa = PBXFileReference; lastKnownFileType = sourcecode.swift; path = ContentView.swift; sourceTree = "<group>"; };
		0AB6F26C23E1CF2300391B9F /* Assets.xcassets */ = {isa = PBXFileReference; lastKnownFileType = folder.assetcatalog; path = Assets.xcassets; sourceTree = "<group>"; };
		0AB6F26F23E1CF2300391B9F /* Preview Assets.xcassets */ = {isa = PBXFileReference; lastKnownFileType = folder.assetcatalog; path = "Preview Assets.xcassets"; sourceTree = "<group>"; };
		0AB6F27223E1CF2300391B9F /* Base */ = {isa = PBXFileReference; lastKnownFileType = file.storyboard; name = Base; path = Base.lproj/LaunchScreen.storyboard; sourceTree = "<group>"; };
		0AB6F27423E1CF2300391B9F /* Info.plist */ = {isa = PBXFileReference; lastKnownFileType = text.plist.xml; path = Info.plist; sourceTree = "<group>"; };
		0AB6F27923E1CF2400391B9F /* LearnAppTests.xctest */ = {isa = PBXFileReference; explicitFileType = wrapper.cfbundle; includeInIndex = 0; path = LearnAppTests.xctest; sourceTree = BUILT_PRODUCTS_DIR; };
		0AB6F27D23E1CF2400391B9F /* LearnAppTests.swift */ = {isa = PBXFileReference; lastKnownFileType = sourcecode.swift; path = LearnAppTests.swift; sourceTree = "<group>"; };
		0AB6F27F23E1CF2400391B9F /* Info.plist */ = {isa = PBXFileReference; lastKnownFileType = text.plist.xml; path = Info.plist; sourceTree = "<group>"; };
		0AB6F28423E1CF2400391B9F /* LearnAppUITests.xctest */ = {isa = PBXFileReference; explicitFileType = wrapper.cfbundle; includeInIndex = 0; path = LearnAppUITests.xctest; sourceTree = BUILT_PRODUCTS_DIR; };
		0AB6F28823E1CF2400391B9F /* LearnAppUITests.swift */ = {isa = PBXFileReference; lastKnownFileType = sourcecode.swift; path = LearnAppUITests.swift; sourceTree = "<group>"; };
		0AB6F28A23E1CF2400391B9F /* Info.plist */ = {isa = PBXFileReference; lastKnownFileType = text.plist.xml; path = Info.plist; sourceTree = "<group>"; };
		0AF87F9423F304DD00321DA5 /* InputView.swift */ = {isa = PBXFileReference; lastKnownFileType = sourcecode.swift; path = InputView.swift; sourceTree = "<group>"; };
		0AF87F9823F3050400321DA5 /* LearnView.swift */ = {isa = PBXFileReference; lastKnownFileType = sourcecode.swift; path = LearnView.swift; sourceTree = "<group>"; };
		0AF87F9C23F3051B00321DA5 /* QuizView.swift */ = {isa = PBXFileReference; lastKnownFileType = sourcecode.swift; path = QuizView.swift; sourceTree = "<group>"; };
/* End PBXFileReference section */

/* Begin PBXFrameworksBuildPhase section */
		0AB6F26023E1CF1800391B9F /* Frameworks */ = {
			isa = PBXFrameworksBuildPhase;
			buildActionMask = 2147483647;
			files = (
			);
			runOnlyForDeploymentPostprocessing = 0;
		};
		0AB6F27623E1CF2400391B9F /* Frameworks */ = {
			isa = PBXFrameworksBuildPhase;
			buildActionMask = 2147483647;
			files = (
			);
			runOnlyForDeploymentPostprocessing = 0;
		};
		0AB6F28123E1CF2400391B9F /* Frameworks */ = {
			isa = PBXFrameworksBuildPhase;
			buildActionMask = 2147483647;
			files = (
			);
			runOnlyForDeploymentPostprocessing = 0;
		};
/* End PBXFrameworksBuildPhase section */

/* Begin PBXGroup section */
		0A662B3323F4BA2E0091408A /* Helper */ = {
			isa = PBXGroup;
			children = (
				0A662B3423F4BA7E0091408A /* NavigationConfigurator.swift */,
			);
			path = Helper;
			sourceTree = "<group>";
		};
		0AB6F25A23E1CF1800391B9F = {
			isa = PBXGroup;
			children = (
				0AB6F26523E1CF1800391B9F /* LearnApp */,
				0AB6F27C23E1CF2400391B9F /* LearnAppTests */,
				0AB6F28723E1CF2400391B9F /* LearnAppUITests */,
				0AB6F26423E1CF1800391B9F /* Products */,
			);
			sourceTree = "<group>";
		};
		0AB6F26423E1CF1800391B9F /* Products */ = {
			isa = PBXGroup;
			children = (
				0AB6F26323E1CF1800391B9F /* LearnApp.app */,
				0AB6F27923E1CF2400391B9F /* LearnAppTests.xctest */,
				0AB6F28423E1CF2400391B9F /* LearnAppUITests.xctest */,
			);
			name = Products;
			sourceTree = "<group>";
		};
		0AB6F26523E1CF1800391B9F /* LearnApp */ = {
			isa = PBXGroup;
			children = (
				0A662B3323F4BA2E0091408A /* Helper */,
				0AF87F8F23EDC97700321DA5 /* View */,
				0AB6F26623E1CF1800391B9F /* AppDelegate.swift */,
				0AB6F26C23E1CF2300391B9F /* Assets.xcassets */,
				0AB6F27123E1CF2300391B9F /* LaunchScreen.storyboard */,
				0AB6F27423E1CF2300391B9F /* Info.plist */,
				0AB6F26E23E1CF2300391B9F /* Preview Content */,
			);
			path = LearnApp;
			sourceTree = "<group>";
		};
		0AB6F26E23E1CF2300391B9F /* Preview Content */ = {
			isa = PBXGroup;
			children = (
				0AB6F26F23E1CF2300391B9F /* Preview Assets.xcassets */,
			);
			path = "Preview Content";
			sourceTree = "<group>";
		};
		0AB6F27C23E1CF2400391B9F /* LearnAppTests */ = {
			isa = PBXGroup;
			children = (
				0AB6F27D23E1CF2400391B9F /* LearnAppTests.swift */,
				0AB6F27F23E1CF2400391B9F /* Info.plist */,
			);
			path = LearnAppTests;
			sourceTree = "<group>";
		};
		0AB6F28723E1CF2400391B9F /* LearnAppUITests */ = {
			isa = PBXGroup;
			children = (
				0AB6F28823E1CF2400391B9F /* LearnAppUITests.swift */,
				0AB6F28A23E1CF2400391B9F /* Info.plist */,
			);
			path = LearnAppUITests;
			sourceTree = "<group>";
		};
		0AF87F8F23EDC97700321DA5 /* View */ = {
			isa = PBXGroup;
			children = (
				0AB6F26A23E1CF1800391B9F /* ContentView.swift */,
				0AB6F26823E1CF1800391B9F /* SceneDelegate.swift */,
				0AF87F9423F304DD00321DA5 /* InputView.swift */,
				0AF87F9823F3050400321DA5 /* LearnView.swift */,
				0AF87F9C23F3051B00321DA5 /* QuizView.swift */,
				0A662B3623F4BC820091408A /* InputField.swift */,
			);
			path = View;
			sourceTree = "<group>";
		};
/* End PBXGroup section */

/* Begin PBXNativeTarget section */
		0AB6F26223E1CF1800391B9F /* LearnApp */ = {
			isa = PBXNativeTarget;
			buildConfigurationList = 0AB6F28D23E1CF2400391B9F /* Build configuration list for PBXNativeTarget "LearnApp" */;
			buildPhases = (
				0AB6F25F23E1CF1800391B9F /* Sources */,
				0AB6F26023E1CF1800391B9F /* Frameworks */,
				0AB6F26123E1CF1800391B9F /* Resources */,
			);
			buildRules = (
			);
			dependencies = (
			);
			name = LearnApp;
			productName = LearnApp;
			productReference = 0AB6F26323E1CF1800391B9F /* LearnApp.app */;
			productType = "com.apple.product-type.application";
		};
		0AB6F27823E1CF2400391B9F /* LearnAppTests */ = {
			isa = PBXNativeTarget;
			buildConfigurationList = 0AB6F29023E1CF2400391B9F /* Build configuration list for PBXNativeTarget "LearnAppTests" */;
			buildPhases = (
				0AB6F27523E1CF2400391B9F /* Sources */,
				0AB6F27623E1CF2400391B9F /* Frameworks */,
				0AB6F27723E1CF2400391B9F /* Resources */,
			);
			buildRules = (
			);
			dependencies = (
				0AB6F27B23E1CF2400391B9F /* PBXTargetDependency */,
			);
			name = LearnAppTests;
			productName = LearnAppTests;
			productReference = 0AB6F27923E1CF2400391B9F /* LearnAppTests.xctest */;
			productType = "com.apple.product-type.bundle.unit-test";
		};
		0AB6F28323E1CF2400391B9F /* LearnAppUITests */ = {
			isa = PBXNativeTarget;
			buildConfigurationList = 0AB6F29323E1CF2400391B9F /* Build configuration list for PBXNativeTarget "LearnAppUITests" */;
			buildPhases = (
				0AB6F28023E1CF2400391B9F /* Sources */,
				0AB6F28123E1CF2400391B9F /* Frameworks */,
				0AB6F28223E1CF2400391B9F /* Resources */,
			);
			buildRules = (
			);
			dependencies = (
				0AB6F28623E1CF2400391B9F /* PBXTargetDependency */,
			);
			name = LearnAppUITests;
			productName = LearnAppUITests;
			productReference = 0AB6F28423E1CF2400391B9F /* LearnAppUITests.xctest */;
			productType = "com.apple.product-type.bundle.ui-testing";
		};
/* End PBXNativeTarget section */

/* Begin PBXProject section */
		0AB6F25B23E1CF1800391B9F /* Project object */ = {
			isa = PBXProject;
			attributes = {
				LastSwiftUpdateCheck = 1120;
				LastUpgradeCheck = 1120;
				ORGANIZATIONNAME = "Kevin Tchokodeu";
				TargetAttributes = {
					0AB6F26223E1CF1800391B9F = {
						CreatedOnToolsVersion = 11.2;
					};
					0AB6F27823E1CF2400391B9F = {
						CreatedOnToolsVersion = 11.2;
						TestTargetID = 0AB6F26223E1CF1800391B9F;
					};
					0AB6F28323E1CF2400391B9F = {
						CreatedOnToolsVersion = 11.2;
						TestTargetID = 0AB6F26223E1CF1800391B9F;
					};
				};
			};
			buildConfigurationList = 0AB6F25E23E1CF1800391B9F /* Build configuration list for PBXProject "LearnApp" */;
			compatibilityVersion = "Xcode 9.3";
			developmentRegion = en;
			hasScannedForEncodings = 0;
			knownRegions = (
				en,
				Base,
			);
			mainGroup = 0AB6F25A23E1CF1800391B9F;
			productRefGroup = 0AB6F26423E1CF1800391B9F /* Products */;
			projectDirPath = "";
			projectRoot = "";
			targets = (
				0AB6F26223E1CF1800391B9F /* LearnApp */,
				0AB6F27823E1CF2400391B9F /* LearnAppTests */,
				0AB6F28323E1CF2400391B9F /* LearnAppUITests */,
			);
		};
/* End PBXProject section */

/* Begin PBXResourcesBuildPhase section */
		0AB6F26123E1CF1800391B9F /* Resources */ = {
			isa = PBXResourcesBuildPhase;
			buildActionMask = 2147483647;
			files = (
				0AB6F27323E1CF2300391B9F /* LaunchScreen.storyboard in Resources */,
				0AB6F27023E1CF2300391B9F /* Preview Assets.xcassets in Resources */,
				0AB6F26D23E1CF2300391B9F /* Assets.xcassets in Resources */,
			);
			runOnlyForDeploymentPostprocessing = 0;
		};
		0AB6F27723E1CF2400391B9F /* Resources */ = {
			isa = PBXResourcesBuildPhase;
			buildActionMask = 2147483647;
			files = (
			);
			runOnlyForDeploymentPostprocessing = 0;
		};
		0AB6F28223E1CF2400391B9F /* Resources */ = {
			isa = PBXResourcesBuildPhase;
			buildActionMask = 2147483647;
			files = (
			);
			runOnlyForDeploymentPostprocessing = 0;
		};
/* End PBXResourcesBuildPhase section */

/* Begin PBXSourcesBuildPhase section */
		0AB6F25F23E1CF1800391B9F /* Sources */ = {
			isa = PBXSourcesBuildPhase;
			buildActionMask = 2147483647;
			files = (
				0AF87F9923F3050400321DA5 /* LearnView.swift in Sources */,
				0AB6F26723E1CF1800391B9F /* AppDelegate.swift in Sources */,
				0AF87F9523F304DD00321DA5 /* InputView.swift in Sources */,
				0AB6F26923E1CF1800391B9F /* SceneDelegate.swift in Sources */,
				0AB6F26B23E1CF1800391B9F /* ContentView.swift in Sources */,
				0A662B3523F4BA7E0091408A /* NavigationConfigurator.swift in Sources */,
				0AF87F9D23F3051B00321DA5 /* QuizView.swift in Sources */,
				0A662B3723F4BC820091408A /* InputField.swift in Sources */,
			);
			runOnlyForDeploymentPostprocessing = 0;
		};
		0AB6F27523E1CF2400391B9F /* Sources */ = {
			isa = PBXSourcesBuildPhase;
			buildActionMask = 2147483647;
			files = (
				0AB6F27E23E1CF2400391B9F /* LearnAppTests.swift in Sources */,
				0AF87F9E23F3051B00321DA5 /* QuizView.swift in Sources */,
				0AF87F9A23F3050400321DA5 /* LearnView.swift in Sources */,
				0AF87F9623F304DD00321DA5 /* InputView.swift in Sources */,
			);
			runOnlyForDeploymentPostprocessing = 0;
		};
		0AB6F28023E1CF2400391B9F /* Sources */ = {
			isa = PBXSourcesBuildPhase;
			buildActionMask = 2147483647;
			files = (
				0AB6F28923E1CF2400391B9F /* LearnAppUITests.swift in Sources */,
				0AF87F9F23F3051B00321DA5 /* QuizView.swift in Sources */,
				0AF87F9B23F3050400321DA5 /* LearnView.swift in Sources */,
				0AF87F9723F304DD00321DA5 /* InputView.swift in Sources */,
			);
			runOnlyForDeploymentPostprocessing = 0;
		};
/* End PBXSourcesBuildPhase section */

/* Begin PBXTargetDependency section */
		0AB6F27B23E1CF2400391B9F /* PBXTargetDependency */ = {
			isa = PBXTargetDependency;
			target = 0AB6F26223E1CF1800391B9F /* LearnApp */;
			targetProxy = 0AB6F27A23E1CF2400391B9F /* PBXContainerItemProxy */;
		};
		0AB6F28623E1CF2400391B9F /* PBXTargetDependency */ = {
			isa = PBXTargetDependency;
			target = 0AB6F26223E1CF1800391B9F /* LearnApp */;
			targetProxy = 0AB6F28523E1CF2400391B9F /* PBXContainerItemProxy */;
		};
/* End PBXTargetDependency section */

/* Begin PBXVariantGroup section */
		0AB6F27123E1CF2300391B9F /* LaunchScreen.storyboard */ = {
			isa = PBXVariantGroup;
			children = (
				0AB6F27223E1CF2300391B9F /* Base */,
			);
			name = LaunchScreen.storyboard;
			sourceTree = "<group>";
		};
/* End PBXVariantGroup section */

/* Begin XCBuildConfiguration section */
		0AB6F28B23E1CF2400391B9F /* Debug */ = {
			isa = XCBuildConfiguration;
			buildSettings = {
				ALWAYS_SEARCH_USER_PATHS = NO;
				CLANG_ANALYZER_NONNULL = YES;
				CLANG_ANALYZER_NUMBER_OBJECT_CONVERSION = YES_AGGRESSIVE;
				CLANG_CXX_LANGUAGE_STANDARD = "gnu++14";
				CLANG_CXX_LIBRARY = "libc++";
				CLANG_ENABLE_MODULES = YES;
				CLANG_ENABLE_OBJC_ARC = YES;
				CLANG_ENABLE_OBJC_WEAK = YES;
				CLANG_WARN_BLOCK_CAPTURE_AUTORELEASING = YES;
				CLANG_WARN_BOOL_CONVERSION = YES;
				CLANG_WARN_COMMA = YES;
				CLANG_WARN_CONSTANT_CONVERSION = YES;
				CLANG_WARN_DEPRECATED_OBJC_IMPLEMENTATIONS = YES;
				CLANG_WARN_DIRECT_OBJC_ISA_USAGE = YES_ERROR;
				CLANG_WARN_DOCUMENTATION_COMMENTS = YES;
				CLANG_WARN_EMPTY_BODY = YES;
				CLANG_WARN_ENUM_CONVERSION = YES;
				CLANG_WARN_INFINITE_RECURSION = YES;
				CLANG_WARN_INT_CONVERSION = YES;
				CLANG_WARN_NON_LITERAL_NULL_CONVERSION = YES;
				CLANG_WARN_OBJC_IMPLICIT_RETAIN_SELF = YES;
				CLANG_WARN_OBJC_LITERAL_CONVERSION = YES;
				CLANG_WARN_OBJC_ROOT_CLASS = YES_ERROR;
				CLANG_WARN_RANGE_LOOP_ANALYSIS = YES;
				CLANG_WARN_STRICT_PROTOTYPES = YES;
				CLANG_WARN_SUSPICIOUS_MOVE = YES;
				CLANG_WARN_UNGUARDED_AVAILABILITY = YES_AGGRESSIVE;
				CLANG_WARN_UNREACHABLE_CODE = YES;
				CLANG_WARN__DUPLICATE_METHOD_MATCH = YES;
				COPY_PHASE_STRIP = NO;
				DEBUG_INFORMATION_FORMAT = dwarf;
				ENABLE_STRICT_OBJC_MSGSEND = YES;
				ENABLE_TESTABILITY = YES;
				GCC_C_LANGUAGE_STANDARD = gnu11;
				GCC_DYNAMIC_NO_PIC = NO;
				GCC_NO_COMMON_BLOCKS = YES;
				GCC_OPTIMIZATION_LEVEL = 0;
				GCC_PREPROCESSOR_DEFINITIONS = (
					"DEBUG=1",
					"$(inherited)",
				);
				GCC_WARN_64_TO_32_BIT_CONVERSION = YES;
				GCC_WARN_ABOUT_RETURN_TYPE = YES_ERROR;
				GCC_WARN_UNDECLARED_SELECTOR = YES;
				GCC_WARN_UNINITIALIZED_AUTOS = YES_AGGRESSIVE;
				GCC_WARN_UNUSED_FUNCTION = YES;
				GCC_WARN_UNUSED_VARIABLE = YES;
				IPHONEOS_DEPLOYMENT_TARGET = 13.2;
				MTL_ENABLE_DEBUG_INFO = INCLUDE_SOURCE;
				MTL_FAST_MATH = YES;
				ONLY_ACTIVE_ARCH = YES;
				SDKROOT = iphoneos;
				SWIFT_ACTIVE_COMPILATION_CONDITIONS = DEBUG;
				SWIFT_OPTIMIZATION_LEVEL = "-Onone";
			};
			name = Debug;
		};
		0AB6F28C23E1CF2400391B9F /* Release */ = {
			isa = XCBuildConfiguration;
			buildSettings = {
				ALWAYS_SEARCH_USER_PATHS = NO;
				CLANG_ANALYZER_NONNULL = YES;
				CLANG_ANALYZER_NUMBER_OBJECT_CONVERSION = YES_AGGRESSIVE;
				CLANG_CXX_LANGUAGE_STANDARD = "gnu++14";
				CLANG_CXX_LIBRARY = "libc++";
				CLANG_ENABLE_MODULES = YES;
				CLANG_ENABLE_OBJC_ARC = YES;
				CLANG_ENABLE_OBJC_WEAK = YES;
				CLANG_WARN_BLOCK_CAPTURE_AUTORELEASING = YES;
				CLANG_WARN_BOOL_CONVERSION = YES;
				CLANG_WARN_COMMA = YES;
				CLANG_WARN_CONSTANT_CONVERSION = YES;
				CLANG_WARN_DEPRECATED_OBJC_IMPLEMENTATIONS = YES;
				CLANG_WARN_DIRECT_OBJC_ISA_USAGE = YES_ERROR;
				CLANG_WARN_DOCUMENTATION_COMMENTS = YES;
				CLANG_WARN_EMPTY_BODY = YES;
				CLANG_WARN_ENUM_CONVERSION = YES;
				CLANG_WARN_INFINITE_RECURSION = YES;
				CLANG_WARN_INT_CONVERSION = YES;
				CLANG_WARN_NON_LITERAL_NULL_CONVERSION = YES;
				CLANG_WARN_OBJC_IMPLICIT_RETAIN_SELF = YES;
				CLANG_WARN_OBJC_LITERAL_CONVERSION = YES;
				CLANG_WARN_OBJC_ROOT_CLASS = YES_ERROR;
				CLANG_WARN_RANGE_LOOP_ANALYSIS = YES;
				CLANG_WARN_STRICT_PROTOTYPES = YES;
				CLANG_WARN_SUSPICIOUS_MOVE = YES;
				CLANG_WARN_UNGUARDED_AVAILABILITY = YES_AGGRESSIVE;
				CLANG_WARN_UNREACHABLE_CODE = YES;
				CLANG_WARN__DUPLICATE_METHOD_MATCH = YES;
				COPY_PHASE_STRIP = NO;
				DEBUG_INFORMATION_FORMAT = "dwarf-with-dsym";
				ENABLE_NS_ASSERTIONS = NO;
				ENABLE_STRICT_OBJC_MSGSEND = YES;
				GCC_C_LANGUAGE_STANDARD = gnu11;
				GCC_NO_COMMON_BLOCKS = YES;
				GCC_WARN_64_TO_32_BIT_CONVERSION = YES;
				GCC_WARN_ABOUT_RETURN_TYPE = YES_ERROR;
				GCC_WARN_UNDECLARED_SELECTOR = YES;
				GCC_WARN_UNINITIALIZED_AUTOS = YES_AGGRESSIVE;
				GCC_WARN_UNUSED_FUNCTION = YES;
				GCC_WARN_UNUSED_VARIABLE = YES;
				IPHONEOS_DEPLOYMENT_TARGET = 13.2;
				MTL_ENABLE_DEBUG_INFO = NO;
				MTL_FAST_MATH = YES;
				SDKROOT = iphoneos;
				SWIFT_COMPILATION_MODE = wholemodule;
				SWIFT_OPTIMIZATION_LEVEL = "-O";
				VALIDATE_PRODUCT = YES;
			};
			name = Release;
		};
		0AB6F28E23E1CF2400391B9F /* Debug */ = {
			isa = XCBuildConfiguration;
			buildSettings = {
				ASSETCATALOG_COMPILER_APPICON_NAME = AppIcon;
				CODE_SIGN_STYLE = Automatic;
				DEVELOPMENT_ASSET_PATHS = "\"LearnApp/Preview Content\"";
				ENABLE_PREVIEWS = YES;
				INFOPLIST_FILE = LearnApp/Info.plist;
				LD_RUNPATH_SEARCH_PATHS = (
					"$(inherited)",
					"@executable_path/Frameworks",
				);
				PRODUCT_BUNDLE_IDENTIFIER = Digit13World.LearnApp;
				PRODUCT_NAME = "$(TARGET_NAME)";
				SWIFT_VERSION = 5.0;
				TARGETED_DEVICE_FAMILY = "1,2";
			};
			name = Debug;
		};
		0AB6F28F23E1CF2400391B9F /* Release */ = {
			isa = XCBuildConfiguration;
			buildSettings = {
				ASSETCATALOG_COMPILER_APPICON_NAME = AppIcon;
				CODE_SIGN_STYLE = Automatic;
				DEVELOPMENT_ASSET_PATHS = "\"LearnApp/Preview Content\"";
				ENABLE_PREVIEWS = YES;
				INFOPLIST_FILE = LearnApp/Info.plist;
				LD_RUNPATH_SEARCH_PATHS = (
					"$(inherited)",
					"@executable_path/Frameworks",
				);
				PRODUCT_BUNDLE_IDENTIFIER = Digit13World.LearnApp;
				PRODUCT_NAME = "$(TARGET_NAME)";
				SWIFT_VERSION = 5.0;
				TARGETED_DEVICE_FAMILY = "1,2";
			};
			name = Release;
		};
		0AB6F29123E1CF2400391B9F /* Debug */ = {
			isa = XCBuildConfiguration;
			buildSettings = {
				ALWAYS_EMBED_SWIFT_STANDARD_LIBRARIES = YES;
				BUNDLE_LOADER = "$(TEST_HOST)";
				CODE_SIGN_STYLE = Automatic;
				INFOPLIST_FILE = LearnAppTests/Info.plist;
				IPHONEOS_DEPLOYMENT_TARGET = 13.2;
				LD_RUNPATH_SEARCH_PATHS = (
					"$(inherited)",
					"@executable_path/Frameworks",
					"@loader_path/Frameworks",
				);
				PRODUCT_BUNDLE_IDENTIFIER = Digit13World.LearnAppTests;
				PRODUCT_NAME = "$(TARGET_NAME)";
				SWIFT_VERSION = 5.0;
				TARGETED_DEVICE_FAMILY = "1,2";
				TEST_HOST = "$(BUILT_PRODUCTS_DIR)/LearnApp.app/LearnApp";
			};
			name = Debug;
		};
		0AB6F29223E1CF2400391B9F /* Release */ = {
			isa = XCBuildConfiguration;
			buildSettings = {
				ALWAYS_EMBED_SWIFT_STANDARD_LIBRARIES = YES;
				BUNDLE_LOADER = "$(TEST_HOST)";
				CODE_SIGN_STYLE = Automatic;
				INFOPLIST_FILE = LearnAppTests/Info.plist;
				IPHONEOS_DEPLOYMENT_TARGET = 13.2;
				LD_RUNPATH_SEARCH_PATHS = (
					"$(inherited)",
					"@executable_path/Frameworks",
					"@loader_path/Frameworks",
				);
				PRODUCT_BUNDLE_IDENTIFIER = Digit13World.LearnAppTests;
				PRODUCT_NAME = "$(TARGET_NAME)";
				SWIFT_VERSION = 5.0;
				TARGETED_DEVICE_FAMILY = "1,2";
				TEST_HOST = "$(BUILT_PRODUCTS_DIR)/LearnApp.app/LearnApp";
			};
			name = Release;
		};
		0AB6F29423E1CF2400391B9F /* Debug */ = {
			isa = XCBuildConfiguration;
			buildSettings = {
				ALWAYS_EMBED_SWIFT_STANDARD_LIBRARIES = YES;
				CODE_SIGN_STYLE = Automatic;
				INFOPLIST_FILE = LearnAppUITests/Info.plist;
				LD_RUNPATH_SEARCH_PATHS = (
					"$(inherited)",
					"@executable_path/Frameworks",
					"@loader_path/Frameworks",
				);
				PRODUCT_BUNDLE_IDENTIFIER = Digit13World.LearnAppUITests;
				PRODUCT_NAME = "$(TARGET_NAME)";
				SWIFT_VERSION = 5.0;
				TARGETED_DEVICE_FAMILY = "1,2";
				TEST_TARGET_NAME = LearnApp;
			};
			name = Debug;
		};
		0AB6F29523E1CF2400391B9F /* Release */ = {
			isa = XCBuildConfiguration;
			buildSettings = {
				ALWAYS_EMBED_SWIFT_STANDARD_LIBRARIES = YES;
				CODE_SIGN_STYLE = Automatic;
				INFOPLIST_FILE = LearnAppUITests/Info.plist;
				LD_RUNPATH_SEARCH_PATHS = (
					"$(inherited)",
					"@executable_path/Frameworks",
					"@loader_path/Frameworks",
				);
				PRODUCT_BUNDLE_IDENTIFIER = Digit13World.LearnAppUITests;
				PRODUCT_NAME = "$(TARGET_NAME)";
				SWIFT_VERSION = 5.0;
				TARGETED_DEVICE_FAMILY = "1,2";
				TEST_TARGET_NAME = LearnApp;
			};
			name = Release;
		};
/* End XCBuildConfiguration section */

/* Begin XCConfigurationList section */
		0AB6F25E23E1CF1800391B9F /* Build configuration list for PBXProject "LearnApp" */ = {
			isa = XCConfigurationList;
			buildConfigurations = (
				0AB6F28B23E1CF2400391B9F /* Debug */,
				0AB6F28C23E1CF2400391B9F /* Release */,
			);
			defaultConfigurationIsVisible = 0;
			defaultConfigurationName = Release;
		};
		0AB6F28D23E1CF2400391B9F /* Build configuration list for PBXNativeTarget "LearnApp" */ = {
			isa = XCConfigurationList;
			buildConfigurations = (
				0AB6F28E23E1CF2400391B9F /* Debug */,
				0AB6F28F23E1CF2400391B9F /* Release */,
			);
			defaultConfigurationIsVisible = 0;
			defaultConfigurationName = Release;
		};
		0AB6F29023E1CF2400391B9F /* Build configuration list for PBXNativeTarget "LearnAppTests" */ = {
			isa = XCConfigurationList;
			buildConfigurations = (
				0AB6F29123E1CF2400391B9F /* Debug */,
				0AB6F29223E1CF2400391B9F /* Release */,
			);
			defaultConfigurationIsVisible = 0;
			defaultConfigurationName = Release;
		};
		0AB6F29323E1CF2400391B9F /* Build configuration list for PBXNativeTarget "LearnAppUITests" */ = {
			isa = XCConfigurationList;
			buildConfigurations = (
				0AB6F29423E1CF2400391B9F /* Debug */,
				0AB6F29523E1CF2400391B9F /* Release */,
			);
			defaultConfigurationIsVisible = 0;
			defaultConfigurationName = Release;
		};
/* End XCConfigurationList section */
	};
	rootObject = 0AB6F25B23E1CF1800391B9F /* Project object */;
}
